
Microsoft Visual Studio Solution File, Format Version 12.00
# Visual Studio Version 16
VisualStudioVersion = 16.0.31424.327
MinimumVisualStudioVersion = 10.0.40219.1
Project("{FAE04EC0-301F-11D3-BF4B-00C04F79EFBC}") = "aula2", "aula2\aula2.csproj", "{1D0492F3-2E63-49CD-AF5C-3EC9997CADAB}"
EndProject
Global
	GlobalSection(SolutionConfigurationPlatforms) = preSolution
		Debug|Any CPU = Debug|Any CPU
		Release|Any CPU = Release|Any CPU
	EndGlobalSection
	GlobalSection(ProjectConfigurationPlatforms) = postSolution
		{1D0492F3-2E63-49CD-AF5C-3EC9997CADAB}.Debug|Any CPU.ActiveCfg = Debug|Any CPU
		{1D0492F3-2E63-49CD-AF5C-3EC9997CADAB}.Debug|Any CPU.Build.0 = Debug|Any CPU
		{1D0492F3-2E63-49CD-AF5C-3EC9997CADAB}.Release|Any CPU.ActiveCfg = Release|Any CPU
		{1D0492F3-2E63-49CD-AF5C-3EC9997CADAB}.Release|Any CPU.Build.0 = Release|Any CPU
	EndGlobalSection
	GlobalSection(SolutionProperties) = preSolution
		HideSolutionNode = FALSE
	EndGlobalSection
	GlobalSection(ExtensibilityGlobals) = postSolution
		SolutionGuid = {09136230-6199-466F-86AE-DB5456886150}
	EndGlobalSection
EndGlobal
